<?xml version="1.0" encoding="utf-8"?>
<Project ToolsVersion="4.0" xmlns="http://schemas.microsoft.com/developer/msbuild/2003">
  <ItemGroup>
    <Filter Include="Source Files">
      <UniqueIdentifier>{4FC737F1-C7A5-4376-A066-2A32D752A2FF}</UniqueIdentifier>
      <Extensions>cpp;c;cc;cxx;c++;cppm;ixx;def;odl;idl;hpj;bat;asm;asmx</Extensions>
    </Filter>
    <Filter Include="Data Structure">
      <UniqueIdentifier>{a9e16ac7-a3a1-47ed-ab22-07d22d8166b2}</UniqueIdentifier>
    </Filter>
    <Filter Include="Data Predefined">
      <UniqueIdentifier>{3db1aa69-806b-423a-9a6b-c717702b587f}</UniqueIdentifier>
    </Filter>
    <Filter Include="Field Viewer">
      <UniqueIdentifier>{40e4d233-6079-4b67-9a4f-d4379bfb8383}</UniqueIdentifier>
    </Filter>
    <Filter Include="Field Synthesis">
      <UniqueIdentifier>{db589f7f-c987-41e1-83fe-a5ed902edca1}</UniqueIdentifier>
    </Filter>
  </ItemGroup>
  <ItemGroup>
    <ClInclude Include="Predefined.h">
      <Filter>Data Predefined</Filter>
    </ClInclude>
  </ItemGroup>
</Project>