<?xml version="1.0" encoding="utf-8"?>
<Project ToolsVersion="4.0" xmlns="http://schemas.microsoft.com/developer/msbuild/2003">
  <ItemGroup>
    <Filter Include="Data Structure">
      <UniqueIdentifier>{ae12a065-478d-4f3d-90f2-3d1b15fadf60}</UniqueIdentifier>
    </Filter>
    <Filter Include="Data Transform">
      <UniqueIdentifier>{ca1177c0-33fe-4ff9-8be8-238d7f83d3cc}</UniqueIdentifier>
    </Filter>
    <Filter Include="CPP">
      <UniqueIdentifier>{4FC737F1-C7A5-4376-A066-2A32D752A2FF}</UniqueIdentifier>
      <Extensions>cpp;c;cc;cxx;c++;cppm;ixx;def;odl;idl;hpj;bat;asm;asmx</Extensions>
    </Filter>
    <Filter Include="Predefined">
      <UniqueIdentifier>{6c2cc353-37c3-4637-8a09-88fae225af32}</UniqueIdentifier>
    </Filter>
    <Filter Include="Sound Synthesis">
      <UniqueIdentifier>{1dcc60da-45a1-4285-9516-12844bfc1a9c}</UniqueIdentifier>
    </Filter>
    <Filter Include="Sound Synthesis\Simple String">
      <UniqueIdentifier>{52b62b2b-dd3b-4f21-a4c8-6dc406a78695}</UniqueIdentifier>
    </Filter>
  </ItemGroup>
  <ItemGroup>
    <ClInclude Include="WaveFunction.h">
      <Filter>Data Structure</Filter>
    </ClInclude>
    <ClInclude Include="FourierTransform.h">
      <Filter>Data Transform</Filter>
    </ClInclude>
    <ClInclude Include="WaveletTransform.h">
      <Filter>Data Transform</Filter>
    </ClInclude>
    <ClInclude Include="MelodyFunction.h">
      <Filter>Data Structure</Filter>
    </ClInclude>
    <ClInclude Include="Predefined.h">
      <Filter>Predefined</Filter>
    </ClInclude>
  </ItemGroup>
  <ItemGroup>
    <ClCompile Include="main.cpp">
      <Filter>CPP</Filter>
    </ClCompile>
    <ClCompile Include="WaveFunction.cpp">
      <Filter>CPP</Filter>
    </ClCompile>
    <ClCompile Include="MelodyFunction.cpp">
      <Filter>CPP</Filter>
    </ClCompile>
    <ClCompile Include="FourierTransform.cpp">
      <Filter>CPP</Filter>
    </ClCompile>
  </ItemGroup>
</Project>